<?xml version="1.0"?>
<CONFIG>
  <ProjectOptions>
    <Version Value="9"/>
    <PathDelim Value="\"/>
    <General>
      <SessionStorage Value="InProjectDir"/>
      <MainUnit Value="0"/>
      <Title Value="smr"/>
      <ResourceType Value="res"/>
      <UseXPManifest Value="True"/>
      <Icon Value="0"/>
    </General>
    <i18n>
      <EnableI18N LFM="False"/>
    </i18n>
    <VersionInfo>
      <StringTable ProductVersion=""/>
    </VersionInfo>
    <BuildModes Count="1">
      <Item1 Name="Default" Default="True"/>
    </BuildModes>
    <PublishOptions>
      <Version Value="2"/>
      <IncludeFileFilter Value="*.(pas|pp|inc|lfm|lpr|lrs|lpi|lpk|sh|xml)"/>
      <ExcludeFileFilter Value="*.(bak|ppu|o|so);*~;backup"/>
    </PublishOptions>
    <RunParams>
      <local>
        <FormatVersion Value="1"/>
      </local>
    </RunParams>
    <RequiredPackages Count="2">
      <Item1>
        <PackageName Value="SynEdit"/>
      </Item1>
      <Item2>
        <PackageName Value="LCL"/>
      </Item2>
    </RequiredPackages>
    <Units Count="8">
      <Unit0>
        <Filename Value="smr.lpr"/>
        <IsPartOfProject Value="True"/>
        <UnitName Value="smr"/>
      </Unit0>
      <Unit1>
        <Filename Value="smr_main.pas"/>
        <IsPartOfProject Value="True"/>
        <ComponentName Value="Form1"/>
        <HasResources Value="True"/>
        <ResourceBaseClass Value="Form"/>
        <UnitName Value="smr_main"/>
      </Unit1>
      <Unit2>
        <Filename Value="smr_types.pas"/>
        <IsPartOfProject Value="True"/>
        <UnitName Value="smr_types"/>
      </Unit2>
      <Unit3>
        <Filename Value="smr_win_hook.pas"/>
        <IsPartOfProject Value="True"/>
        <UnitName Value="smr_win_hook"/>
      </Unit3>
      <Unit4>
        <Filename Value="smr_lin_hook.pas"/>
        <IsPartOfProject Value="True"/>
        <UnitName Value="smr_lin_hook"/>
      </Unit4>
      <Unit5>
        <Filename Value="smr_utils.pas"/>
        <IsPartOfProject Value="True"/>
        <UnitName Value="smr_utils"/>
      </Unit5>
      <Unit6>
        <Filename Value="smr_base.pas"/>
        <IsPartOfProject Value="True"/>
        <UnitName Value="smr_base"/>
      </Unit6>
      <Unit7>
        <Filename Value="smr_selector.pas"/>
        <IsPartOfProject Value="True"/>
        <UnitName Value="smr_selector"/>
      </Unit7>
    </Units>
  </ProjectOptions>
  <CompilerOptions>
    <Version Value="11"/>
    <PathDelim Value="\"/>
    <Target>
      <Filename Value="smr"/>
    </Target>
    <SearchPaths>
      <IncludeFiles Value="$(ProjOutDir)"/>
      <UnitOutputDirectory Value="lib\$(TargetCPU)-$(TargetOS)"/>
    </SearchPaths>
    <Linking>
      <Options>
        <Win32>
          <GraphicApplication Value="True"/>
        </Win32>
      </Options>
    </Linking>
    <Other>
      <CompilerMessages>
        <MsgFileName Value=""/>
      </CompilerMessages>
      <CompilerPath Value="$(CompPath)"/>
    </Other>
  </CompilerOptions>
  <Debugging>
    <Exceptions Count="3">
      <Item1>
        <Name Value="EAbort"/>
      </Item1>
      <Item2>
        <Name Value="ECodetoolError"/>
      </Item2>
      <Item3>
        <Name Value="EFOpenError"/>
      </Item3>
    </Exceptions>
  </Debugging>
</CONFIG>
